github.com/cloud-org/msgpush v0.0.5 h1:K6VucLvZPH4R2IwYW5kO7KtWh+YS+RHe2RzsdkXU1sY=
github.com/cloud-org/msgpush v0.0.5/go.mod h1:xgnxaaCi0uTjY5APsG5V/uCKD+lXJ/q8UpR+rz9AbjA=
github.com/imroc/req v0.3.2 h1:M/JkeU6RPmX+WYvT2vaaOL0K+q8ufL5LxwvJc4xeB4o=
github.com/imroc/req v0.3.2/go.mod h1:F+NZ+2EFSo6EFXdeIbpfE9hcC233id70kf0byW97Caw=
